{
  "name": "pi-opensrc",
  "version": "0.1.1",
  "lockfileVersion": 3,
  "requires": true,
  "packages": {
    "": {
      "name": "pi-opensrc",
      "version": "0.1.1",
      "license": "Apache-2.0",
      "dependencies": {
        "opensrc": "0.7.3"
      }
    },
    "node_modules/opensrc": {
      "version": "0.7.3",
      "resolved": "https://registry.npmjs.org/opensrc/-/opensrc-0.7.3.tgz",
      "integrity": "sha512-REvdS9CG2q1KW6fiyLQkZgrhvNykARJCbigDF7vJOskGwqamwF74OzHRbgblZ7YlRkaLc7CTOsUMfnxw+NW83A==",
      "hasInstallScript": true,
      "license": "Apache-2.0",
      "bin": {
        "opensrc": "bin/opensrc.js"
      },
      "engines": {
        "node": ">=24"
      }
    }
  }
}
